
Microsoft Visual Studio Solution File, Format Version 12.00
# Visual Studio 2012
Project("{FAE04EC0-301F-11D3-BF4B-00C04F79EFBC}") = "KBStepper", "KBStepper\KBStepper.csproj", "{10997E1F-6D6B-4158-9D59-1702E0267D2A}"
EndProject
Project("{FAE04EC0-301F-11D3-BF4B-00C04F79EFBC}") = "Sample", "Sample\Sample.csproj", "{199FC4D0-28EE-4BCE-B12C-7624A148267C}"
EndProject
Global
	GlobalSection(SolutionConfigurationPlatforms) = preSolution
		Debug|Any CPU = Debug|Any CPU
		Release|Any CPU = Release|Any CPU
		Debug|iPhoneSimulator = Debug|iPhoneSimulator
		Release|iPhone = Release|iPhone
		Release|iPhoneSimulator = Release|iPhoneSimulator
		Debug|iPhone = Debug|iPhone
	EndGlobalSection
	GlobalSection(ProjectConfigurationPlatforms) = postSolution
		{10997E1F-6D6B-4158-9D59-1702E0267D2A}.Debug|Any CPU.ActiveCfg = Debug|Any CPU
		{10997E1F-6D6B-4158-9D59-1702E0267D2A}.Debug|Any CPU.Build.0 = Debug|Any CPU
		{10997E1F-6D6B-4158-9D59-1702E0267D2A}.Release|Any CPU.ActiveCfg = Release|Any CPU
		{10997E1F-6D6B-4158-9D59-1702E0267D2A}.Release|Any CPU.Build.0 = Release|Any CPU
		{10997E1F-6D6B-4158-9D59-1702E0267D2A}.Debug|iPhoneSimulator.ActiveCfg = Debug|Any CPU
		{10997E1F-6D6B-4158-9D59-1702E0267D2A}.Debug|iPhoneSimulator.Build.0 = Debug|Any CPU
		{10997E1F-6D6B-4158-9D59-1702E0267D2A}.Release|iPhone.ActiveCfg = Release|Any CPU
		{10997E1F-6D6B-4158-9D59-1702E0267D2A}.Release|iPhone.Build.0 = Release|Any CPU
		{10997E1F-6D6B-4158-9D59-1702E0267D2A}.Release|iPhoneSimulator.ActiveCfg = Release|Any CPU
		{10997E1F-6D6B-4158-9D59-1702E0267D2A}.Release|iPhoneSimulator.Build.0 = Release|Any CPU
		{10997E1F-6D6B-4158-9D59-1702E0267D2A}.Debug|iPhone.ActiveCfg = Debug|Any CPU
		{10997E1F-6D6B-4158-9D59-1702E0267D2A}.Debug|iPhone.Build.0 = Debug|Any CPU
		{199FC4D0-28EE-4BCE-B12C-7624A148267C}.Debug|Any CPU.ActiveCfg = Debug|iPhoneSimulator
		{199FC4D0-28EE-4BCE-B12C-7624A148267C}.Debug|Any CPU.Build.0 = Debug|iPhoneSimulator
		{199FC4D0-28EE-4BCE-B12C-7624A148267C}.Release|Any CPU.ActiveCfg = Release|iPhone
		{199FC4D0-28EE-4BCE-B12C-7624A148267C}.Release|Any CPU.Build.0 = Release|iPhone
		{199FC4D0-28EE-4BCE-B12C-7624A148267C}.Debug|iPhoneSimulator.ActiveCfg = Debug|iPhoneSimulator
		{199FC4D0-28EE-4BCE-B12C-7624A148267C}.Debug|iPhoneSimulator.Build.0 = Debug|iPhoneSimulator
		{199FC4D0-28EE-4BCE-B12C-7624A148267C}.Release|iPhone.ActiveCfg = Release|iPhone
		{199FC4D0-28EE-4BCE-B12C-7624A148267C}.Release|iPhone.Build.0 = Release|iPhone
		{199FC4D0-28EE-4BCE-B12C-7624A148267C}.Release|iPhoneSimulator.ActiveCfg = Release|iPhoneSimulator
		{199FC4D0-28EE-4BCE-B12C-7624A148267C}.Release|iPhoneSimulator.Build.0 = Release|iPhoneSimulator
		{199FC4D0-28EE-4BCE-B12C-7624A148267C}.Debug|iPhone.ActiveCfg = Debug|iPhone
		{199FC4D0-28EE-4BCE-B12C-7624A148267C}.Debug|iPhone.Build.0 = Debug|iPhone
	EndGlobalSection
EndGlobal
